// !$*UTF8*$!
{
	archiveVersion = 1;
	classes = {
	};
	objectVersion = 55;
	objects = {

/* Begin PBXBuildFile section */
		21FA6C739366A117293E38F5 /* Pods_SkeletonApp.framework in Frameworks */ = {isa = PBXBuildFile; fileRef = C6F27E13DAAD899A31923496 /* Pods_SkeletonApp.framework */; };
		5F574DD827672DC300ED5F0F /* TableViewCell.swift in Sources */ = {isa = PBXBuildFile; fileRef = 5F574DD727672DC300ED5F0F /* TableViewCell.swift */; };
		5F5F27D427672C880028F9AC /* AppDelegate.swift in Sources */ = {isa = PBXBuildFile; fileRef = 5F5F27D327672C880028F9AC /* AppDelegate.swift */; };
		5F5F27D627672C880028F9AC /* SceneDelegate.swift in Sources */ = {isa = PBXBuildFile; fileRef = 5F5F27D527672C880028F9AC /* SceneDelegate.swift */; };
		5F5F27D827672C880028F9AC /* ViewController.swift in Sources */ = {isa = PBXBuildFile; fileRef = 5F5F27D727672C880028F9AC /* ViewController.swift */; };
		5F5F27DB27672C880028F9AC /* Main.storyboard in Resources */ = {isa = PBXBuildFile; fileRef = 5F5F27D927672C880028F9AC /* Main.storyboard */; };
		5F5F27DD27672C890028F9AC /* Assets.xcassets in Resources */ = {isa = PBXBuildFile; fileRef = 5F5F27DC27672C890028F9AC /* Assets.xcassets */; };
		5F5F27E027672C890028F9AC /* LaunchScreen.storyboard in Resources */ = {isa = PBXBuildFile; fileRef = 5F5F27DE27672C890028F9AC /* LaunchScreen.storyboard */; };
/* End PBXBuildFile section */

/* Begin PBXFileReference section */
		5F574DD727672DC300ED5F0F /* TableViewCell.swift */ = {isa = PBXFileReference; lastKnownFileType = sourcecode.swift; path = TableViewCell.swift; sourceTree = "<group>"; };
		5F5F27D027672C880028F9AC /* SkeletonApp.app */ = {isa = PBXFileReference; explicitFileType = wrapper.application; includeInIndex = 0; path = SkeletonApp.app; sourceTree = BUILT_PRODUCTS_DIR; };
		5F5F27D327672C880028F9AC /* AppDelegate.swift */ = {isa = PBXFileReference; lastKnownFileType = sourcecode.swift; path = AppDelegate.swift; sourceTree = "<group>"; };
		5F5F27D527672C880028F9AC /* SceneDelegate.swift */ = {isa = PBXFileReference; lastKnownFileType = sourcecode.swift; path = SceneDelegate.swift; sourceTree = "<group>"; };
		5F5F27D727672C880028F9AC /* ViewController.swift */ = {isa = PBXFileReference; lastKnownFileType = sourcecode.swift; path = ViewController.swift; sourceTree = "<group>"; };
		5F5F27DA27672C880028F9AC /* Base */ = {isa = PBXFileReference; lastKnownFileType = file.storyboard; name = Base; path = Base.lproj/Main.storyboard; sourceTree = "<group>"; };
		5F5F27DC27672C890028F9AC /* Assets.xcassets */ = {isa = PBXFileReference; lastKnownFileType = folder.assetcatalog; path = Assets.xcassets; sourceTree = "<group>"; };
		5F5F27DF27672C890028F9AC /* Base */ = {isa = PBXFileReference; lastKnownFileType = file.storyboard; name = Base; path = Base.lproj/LaunchScreen.storyboard; sourceTree = "<group>"; };
		5F5F27E127672C890028F9AC /* Info.plist */ = {isa = PBXFileReference; lastKnownFileType = text.plist.xml; path = Info.plist; sourceTree = "<group>"; };
		5F685F8D7FB7ACF1A4DD92B5 /* Pods-SkeletonApp.release.xcconfig */ = {isa = PBXFileReference; includeInIndex = 1; lastKnownFileType = text.xcconfig; name = "Pods-SkeletonApp.release.xcconfig"; path = "Target Support Files/Pods-SkeletonApp/Pods-SkeletonApp.release.xcconfig"; sourceTree = "<group>"; };
		78C7F006D970491694CDE656 /* Pods-SkeletonApp.debug.xcconfig */ = {isa = PBXFileReference; includeInIndex = 1; lastKnownFileType = text.xcconfig; name = "Pods-SkeletonApp.debug.xcconfig"; path = "Target Support Files/Pods-SkeletonApp/Pods-SkeletonApp.debug.xcconfig"; sourceTree = "<group>"; };
		C6F27E13DAAD899A31923496 /* Pods_SkeletonApp.framework */ = {isa = PBXFileReference; explicitFileType = wrapper.framework; includeInIndex = 0; path = Pods_SkeletonApp.framework; sourceTree = BUILT_PRODUCTS_DIR; };
/* End PBXFileReference section */

/* Begin PBXFrameworksBuildPhase section */
		5F5F27CD27672C880028F9AC /* Frameworks */ = {
			isa = PBXFrameworksBuildPhase;
			buildActionMask = 2147483647;
			files = (
				21FA6C739366A117293E38F5 /* Pods_SkeletonApp.framework in Frameworks */,
			);
			runOnlyForDeploymentPostprocessing = 0;
		};
/* End PBXFrameworksBuildPhase section */

/* Begin PBXGroup section */
		22683582AA1135600461C426 /* Frameworks */ = {
			isa = PBXGroup;
			children = (
				C6F27E13DAAD899A31923496 /* Pods_SkeletonApp.framework */,
			);
			name = Frameworks;
			sourceTree = "<group>";
		};
		3F91D9FAF26D706C76043FB5 /* Pods */ = {
			isa = PBXGroup;
			children = (
				78C7F006D970491694CDE656 /* Pods-SkeletonApp.debug.xcconfig */,
				5F685F8D7FB7ACF1A4DD92B5 /* Pods-SkeletonApp.release.xcconfig */,
			);
			path = Pods;
			sourceTree = "<group>";
		};
		5F5F27C727672C880028F9AC = {
			isa = PBXGroup;
			children = (
				5F5F27D227672C880028F9AC /* SkeletonApp */,
				5F5F27D127672C880028F9AC /* Products */,
				3F91D9FAF26D706C76043FB5 /* Pods */,
				22683582AA1135600461C426 /* Frameworks */,
			);
			sourceTree = "<group>";
		};
		5F5F27D127672C880028F9AC /* Products */ = {
			isa = PBXGroup;
			children = (
				5F5F27D027672C880028F9AC /* SkeletonApp.app */,
			);
			name = Products;
			sourceTree = "<group>";
		};
		5F5F27D227672C880028F9AC /* SkeletonApp */ = {
			isa = PBXGroup;
			children = (
				5F5F27D327672C880028F9AC /* AppDelegate.swift */,
				5F5F27D527672C880028F9AC /* SceneDelegate.swift */,
				5F5F27D727672C880028F9AC /* ViewController.swift */,
				5F574DD727672DC300ED5F0F /* TableViewCell.swift */,
				5F5F27D927672C880028F9AC /* Main.storyboard */,
				5F5F27DC27672C890028F9AC /* Assets.xcassets */,
				5F5F27DE27672C890028F9AC /* LaunchScreen.storyboard */,
				5F5F27E127672C890028F9AC /* Info.plist */,
			);
			path = SkeletonApp;
			sourceTree = "<group>";
		};
/* End PBXGroup section */

/* Begin PBXNativeTarget section */
		5F5F27CF27672C880028F9AC /* SkeletonApp */ = {
			isa = PBXNativeTarget;
			buildConfigurationList = 5F5F27E427672C890028F9AC /* Build configuration list for PBXNativeTarget "SkeletonApp" */;
			buildPhases = (
				E51C738BF06F7BC058C03D35 /* [CP] Check Pods Manifest.lock */,
				5F5F27CC27672C880028F9AC /* Sources */,
				5F5F27CD27672C880028F9AC /* Frameworks */,
				5F5F27CE27672C880028F9AC /* Resources */,
				E2DA3EC1B2EA72ECB3C448CA /* [CP] Embed Pods Frameworks */,
			);
			buildRules = (
			);
			dependencies = (
			);
			name = SkeletonApp;
			productName = SkeletonApp;
			productReference = 5F5F27D027672C880028F9AC /* SkeletonApp.app */;
			productType = "com.apple.product-type.application";
		};
/* End PBXNativeTarget section */

/* Begin PBXProject section */
		5F5F27C827672C880028F9AC /* Project object */ = {
			isa = PBXProject;
			attributes = {
				BuildIndependentTargetsInParallel = 1;
				LastSwiftUpdateCheck = 1310;
				LastUpgradeCheck = 1310;
				TargetAttributes = {
					5F5F27CF27672C880028F9AC = {
						CreatedOnToolsVersion = 13.1;
					};
				};
			};
			buildConfigurationList = 5F5F27CB27672C880028F9AC /* Build configuration list for PBXProject "SkeletonApp" */;
			compatibilityVersion = "Xcode 13.0";
			developmentRegion = en;
			hasScannedForEncodings = 0;
			knownRegions = (
				en,
				Base,
			);
			mainGroup = 5F5F27C727672C880028F9AC;
			productRefGroup = 5F5F27D127672C880028F9AC /* Products */;
			projectDirPath = "";
			projectRoot = "";
			targets = (
				5F5F27CF27672C880028F9AC /* SkeletonApp */,
			);
		};
/* End PBXProject section */

/* Begin PBXResourcesBuildPhase section */
		5F5F27CE27672C880028F9AC /* Resources */ = {
			isa = PBXResourcesBuildPhase;
			buildActionMask = 2147483647;
			files = (
				5F5F27E027672C890028F9AC /* LaunchScreen.storyboard in Resources */,
				5F5F27DD27672C890028F9AC /* Assets.xcassets in Resources */,
				5F5F27DB27672C880028F9AC /* Main.storyboard in Resources */,
			);
			runOnlyForDeploymentPostprocessing = 0;
		};
/* End PBXResourcesBuildPhase section */

/* Begin PBXShellScriptBuildPhase section */
		E2DA3EC1B2EA72ECB3C448CA /* [CP] Embed Pods Frameworks */ = {
			isa = PBXShellScriptBuildPhase;
			buildActionMask = 2147483647;
			files = (
			);
			inputFileListPaths = (
				"${PODS_ROOT}/Target Support Files/Pods-SkeletonApp/Pods-SkeletonApp-frameworks-${CONFIGURATION}-input-files.xcfilelist",
			);
			name = "[CP] Embed Pods Frameworks";
			outputFileListPaths = (
				"${PODS_ROOT}/Target Support Files/Pods-SkeletonApp/Pods-SkeletonApp-frameworks-${CONFIGURATION}-output-files.xcfilelist",
			);
			runOnlyForDeploymentPostprocessing = 0;
			shellPath = /bin/sh;
			shellScript = "\"${PODS_ROOT}/Target Support Files/Pods-SkeletonApp/Pods-SkeletonApp-frameworks.sh\"\n";
			showEnvVarsInLog = 0;
		};
		E51C738BF06F7BC058C03D35 /* [CP] Check Pods Manifest.lock */ = {
			isa = PBXShellScriptBuildPhase;
			buildActionMask = 2147483647;
			files = (
			);
			inputFileListPaths = (
			);
			inputPaths = (
				"${PODS_PODFILE_DIR_PATH}/Podfile.lock",
				"${PODS_ROOT}/Manifest.lock",
			);
			name = "[CP] Check Pods Manifest.lock";
			outputFileListPaths = (
			);
			outputPaths = (
				"$(DERIVED_FILE_DIR)/Pods-SkeletonApp-checkManifestLockResult.txt",
			);
			runOnlyForDeploymentPostprocessing = 0;
			shellPath = /bin/sh;
			shellScript = "diff \"${PODS_PODFILE_DIR_PATH}/Podfile.lock\" \"${PODS_ROOT}/Manifest.lock\" > /dev/null\nif [ $? != 0 ] ; then\n    # print error to STDERR\n    echo \"error: The sandbox is not in sync with the Podfile.lock. Run 'pod install' or update your CocoaPods installation.\" >&2\n    exit 1\nfi\n# This output is used by Xcode 'outputs' to avoid re-running this script phase.\necho \"SUCCESS\" > \"${SCRIPT_OUTPUT_FILE_0}\"\n";
			showEnvVarsInLog = 0;
		};
/* End PBXShellScriptBuildPhase section */

/* Begin PBXSourcesBuildPhase section */
		5F5F27CC27672C880028F9AC /* Sources */ = {
			isa = PBXSourcesBuildPhase;
			buildActionMask = 2147483647;
			files = (
				5F5F27D827672C880028F9AC /* ViewController.swift in Sources */,
				5F574DD827672DC300ED5F0F /* TableViewCell.swift in Sources */,
				5F5F27D427672C880028F9AC /* AppDelegate.swift in Sources */,
				5F5F27D627672C880028F9AC /* SceneDelegate.swift in Sources */,
			);
			runOnlyForDeploymentPostprocessing = 0;
		};
/* End PBXSourcesBuildPhase section */

/* Begin PBXVariantGroup section */
		5F5F27D927672C880028F9AC /* Main.storyboard */ = {
			isa = PBXVariantGroup;
			children = (
				5F5F27DA27672C880028F9AC /* Base */,
			);
			name = Main.storyboard;
			sourceTree = "<group>";
		};
		5F5F27DE27672C890028F9AC /* LaunchScreen.storyboard */ = {
			isa = PBXVariantGroup;
			children = (
				5F5F27DF27672C890028F9AC /* Base */,
			);
			name = LaunchScreen.storyboard;
			sourceTree = "<group>";
		};
/* End PBXVariantGroup section */

/* Begin XCBuildConfiguration section */
		5F5F27E227672C890028F9AC /* Debug */ = {
			isa = XCBuildConfiguration;
			buildSettings = {
				ALWAYS_SEARCH_USER_PATHS = NO;
				CLANG_ANALYZER_NONNULL = YES;
				CLANG_ANALYZER_NUMBER_OBJECT_CONVERSION = YES_AGGRESSIVE;
				CLANG_CXX_LANGUAGE_STANDARD = "gnu++17";
				CLANG_CXX_LIBRARY = "libc++";
				CLANG_ENABLE_MODULES = YES;
				CLANG_ENABLE_OBJC_ARC = YES;
				CLANG_ENABLE_OBJC_WEAK = YES;
				CLANG_WARN_BLOCK_CAPTURE_AUTORELEASING = YES;
				CLANG_WARN_BOOL_CONVERSION = YES;
				CLANG_WARN_COMMA = YES;
				CLANG_WARN_CONSTANT_CONVERSION = YES;
				CLANG_WARN_DEPRECATED_OBJC_IMPLEMENTATIONS = YES;
				CLANG_WARN_DIRECT_OBJC_ISA_USAGE = YES_ERROR;
				CLANG_WARN_DOCUMENTATION_COMMENTS = YES;
				CLANG_WARN_EMPTY_BODY = YES;
				CLANG_WARN_ENUM_CONVERSION = YES;
				CLANG_WARN_INFINITE_RECURSION = YES;
				CLANG_WARN_INT_CONVERSION = YES;
				CLANG_WARN_NON_LITERAL_NULL_CONVERSION = YES;
				CLANG_WARN_OBJC_IMPLICIT_RETAIN_SELF = YES;
				CLANG_WARN_OBJC_LITERAL_CONVERSION = YES;
				CLANG_WARN_OBJC_ROOT_CLASS = YES_ERROR;
				CLANG_WARN_QUOTED_INCLUDE_IN_FRAMEWORK_HEADER = YES;
				CLANG_WARN_RANGE_LOOP_ANALYSIS = YES;
				CLANG_WARN_STRICT_PROTOTYPES = YES;
				CLANG_WARN_SUSPICIOUS_MOVE = YES;
				CLANG_WARN_UNGUARDED_AVAILABILITY = YES_AGGRESSIVE;
				CLANG_WARN_UNREACHABLE_CODE = YES;
				CLANG_WARN__DUPLICATE_METHOD_MATCH = YES;
				COPY_PHASE_STRIP = NO;
				DEBUG_INFORMATION_FORMAT = dwarf;
				ENABLE_STRICT_OBJC_MSGSEND = YES;
				ENABLE_TESTABILITY = YES;
				GCC_C_LANGUAGE_STANDARD = gnu11;
				GCC_DYNAMIC_NO_PIC = NO;
				GCC_NO_COMMON_BLOCKS = YES;
				GCC_OPTIMIZATION_LEVEL = 0;
				GCC_PREPROCESSOR_DEFINITIONS = (
					"DEBUG=1",
					"$(inherited)",
				);
				GCC_WARN_64_TO_32_BIT_CONVERSION = YES;
				GCC_WARN_ABOUT_RETURN_TYPE = YES_ERROR;
				GCC_WARN_UNDECLARED_SELECTOR = YES;
				GCC_WARN_UNINITIALIZED_AUTOS = YES_AGGRESSIVE;
				GCC_WARN_UNUSED_FUNCTION = YES;
				GCC_WARN_UNUSED_VARIABLE = YES;
				IPHONEOS_DEPLOYMENT_TARGET = 15.0;
				MTL_ENABLE_DEBUG_INFO = INCLUDE_SOURCE;
				MTL_FAST_MATH = YES;
				ONLY_ACTIVE_ARCH = YES;
				SDKROOT = iphoneos;
				SWIFT_ACTIVE_COMPILATION_CONDITIONS = DEBUG;
				SWIFT_OPTIMIZATION_LEVEL = "-Onone";
			};
			name = Debug;
		};
		5F5F27E327672C890028F9AC /* Release */ = {
			isa = XCBuildConfiguration;
			buildSettings = {
				ALWAYS_SEARCH_USER_PATHS = NO;
				CLANG_ANALYZER_NONNULL = YES;
				CLANG_ANALYZER_NUMBER_OBJECT_CONVERSION = YES_AGGRESSIVE;
				CLANG_CXX_LANGUAGE_STANDARD = "gnu++17";
				CLANG_CXX_LIBRARY = "libc++";
				CLANG_ENABLE_MODULES = YES;
				CLANG_ENABLE_OBJC_ARC = YES;
				CLANG_ENABLE_OBJC_WEAK = YES;
				CLANG_WARN_BLOCK_CAPTURE_AUTORELEASING = YES;
				CLANG_WARN_BOOL_CONVERSION = YES;
				CLANG_WARN_COMMA = YES;
				CLANG_WARN_CONSTANT_CONVERSION = YES;
				CLANG_WARN_DEPRECATED_OBJC_IMPLEMENTATIONS = YES;
				CLANG_WARN_DIRECT_OBJC_ISA_USAGE = YES_ERROR;
				CLANG_WARN_DOCUMENTATION_COMMENTS = YES;
				CLANG_WARN_EMPTY_BODY = YES;
				CLANG_WARN_ENUM_CONVERSION = YES;
				CLANG_WARN_INFINITE_RECURSION = YES;
				CLANG_WARN_INT_CONVERSION = YES;
				CLANG_WARN_NON_LITERAL_NULL_CONVERSION = YES;
				CLANG_WARN_OBJC_IMPLICIT_RETAIN_SELF = YES;
				CLANG_WARN_OBJC_LITERAL_CONVERSION = YES;
				CLANG_WARN_OBJC_ROOT_CLASS = YES_ERROR;
				CLANG_WARN_QUOTED_INCLUDE_IN_FRAMEWORK_HEADER = YES;
				CLANG_WARN_RANGE_LOOP_ANALYSIS = YES;
				CLANG_WARN_STRICT_PROTOTYPES = YES;
				CLANG_WARN_SUSPICIOUS_MOVE = YES;
				CLANG_WARN_UNGUARDED_AVAILABILITY = YES_AGGRESSIVE;
				CLANG_WARN_UNREACHABLE_CODE = YES;
				CLANG_WARN__DUPLICATE_METHOD_MATCH = YES;
				COPY_PHASE_STRIP = NO;
				DEBUG_INFORMATION_FORMAT = "dwarf-with-dsym";
				ENABLE_NS_ASSERTIONS = NO;
				ENABLE_STRICT_OBJC_MSGSEND = YES;
				GCC_C_LANGUAGE_STANDARD = gnu11;
				GCC_NO_COMMON_BLOCKS = YES;
				GCC_WARN_64_TO_32_BIT_CONVERSION = YES;
				GCC_WARN_ABOUT_RETURN_TYPE = YES_ERROR;
				GCC_WARN_UNDECLARED_SELECTOR = YES;
				GCC_WARN_UNINITIALIZED_AUTOS = YES_AGGRESSIVE;
				GCC_WARN_UNUSED_FUNCTION = YES;
				GCC_WARN_UNUSED_VARIABLE = YES;
				IPHONEOS_DEPLOYMENT_TARGET = 15.0;
				MTL_ENABLE_DEBUG_INFO = NO;
				MTL_FAST_MATH = YES;
				SDKROOT = iphoneos;
				SWIFT_COMPILATION_MODE = wholemodule;
				SWIFT_OPTIMIZATION_LEVEL = "-O";
				VALIDATE_PRODUCT = YES;
			};
			name = Release;
		};
		5F5F27E527672C890028F9AC /* Debug */ = {
			isa = XCBuildConfiguration;
			baseConfigurationReference = 78C7F006D970491694CDE656 /* Pods-SkeletonApp.debug.xcconfig */;
			buildSettings = {
				ASSETCATALOG_COMPILER_APPICON_NAME = AppIcon;
				ASSETCATALOG_COMPILER_GLOBAL_ACCENT_COLOR_NAME = AccentColor;
				CODE_SIGN_STYLE = Automatic;
				CURRENT_PROJECT_VERSION = 1;
				DEVELOPMENT_TEAM = D6H9T35QZM;
				GENERATE_INFOPLIST_FILE = YES;
				INFOPLIST_FILE = SkeletonApp/Info.plist;
				INFOPLIST_KEY_UIApplicationSupportsIndirectInputEvents = YES;
				INFOPLIST_KEY_UILaunchStoryboardName = LaunchScreen;
				INFOPLIST_KEY_UIMainStoryboardFile = Main;
				INFOPLIST_KEY_UISupportedInterfaceOrientations_iPad = "UIInterfaceOrientationPortrait UIInterfaceOrientationPortraitUpsideDown UIInterfaceOrientationLandscapeLeft UIInterfaceOrientationLandscapeRight";
				INFOPLIST_KEY_UISupportedInterfaceOrientations_iPhone = "UIInterfaceOrientationPortrait UIInterfaceOrientationLandscapeLeft UIInterfaceOrientationLandscapeRight";
				LD_RUNPATH_SEARCH_PATHS = (
					"$(inherited)",
					"@executable_path/Frameworks",
				);
				MARKETING_VERSION = 1.0;
				PRODUCT_BUNDLE_IDENTIFIER = jinho.SkeletonApp;
				PRODUCT_NAME = "$(TARGET_NAME)";
				SWIFT_EMIT_LOC_STRINGS = YES;
				SWIFT_VERSION = 5.0;
				TARGETED_DEVICE_FAMILY = "1,2";
			};
			name = Debug;
		};
		5F5F27E627672C890028F9AC /* Release */ = {
			isa = XCBuildConfiguration;
			baseConfigurationReference = 5F685F8D7FB7ACF1A4DD92B5 /* Pods-SkeletonApp.release.xcconfig */;
			buildSettings = {
				ASSETCATALOG_COMPILER_APPICON_NAME = AppIcon;
				ASSETCATALOG_COMPILER_GLOBAL_ACCENT_COLOR_NAME = AccentColor;
				CODE_SIGN_STYLE = Automatic;
				CURRENT_PROJECT_VERSION = 1;
				DEVELOPMENT_TEAM = D6H9T35QZM;
				GENERATE_INFOPLIST_FILE = YES;
				INFOPLIST_FILE = SkeletonApp/Info.plist;
				INFOPLIST_KEY_UIApplicationSupportsIndirectInputEvents = YES;
				INFOPLIST_KEY_UILaunchStoryboardName = LaunchScreen;
				INFOPLIST_KEY_UIMainStoryboardFile = Main;
				INFOPLIST_KEY_UISupportedInterfaceOrientations_iPad = "UIInterfaceOrientationPortrait UIInterfaceOrientationPortraitUpsideDown UIInterfaceOrientationLandscapeLeft UIInterfaceOrientationLandscapeRight";
				INFOPLIST_KEY_UISupportedInterfaceOrientations_iPhone = "UIInterfaceOrientationPortrait UIInterfaceOrientationLandscapeLeft UIInterfaceOrientationLandscapeRight";
				LD_RUNPATH_SEARCH_PATHS = (
					"$(inherited)",
					"@executable_path/Frameworks",
				);
				MARKETING_VERSION = 1.0;
				PRODUCT_BUNDLE_IDENTIFIER = jinho.SkeletonApp;
				PRODUCT_NAME = "$(TARGET_NAME)";
				SWIFT_EMIT_LOC_STRINGS = YES;
				SWIFT_VERSION = 5.0;
				TARGETED_DEVICE_FAMILY = "1,2";
			};
			name = Release;
		};
/* End XCBuildConfiguration section */

/* Begin XCConfigurationList section */
		5F5F27CB27672C880028F9AC /* Build configuration list for PBXProject "SkeletonApp" */ = {
			isa = XCConfigurationList;
			buildConfigurations = (
				5F5F27E227672C890028F9AC /* Debug */,
				5F5F27E327672C890028F9AC /* Release */,
			);
			defaultConfigurationIsVisible = 0;
			defaultConfigurationName = Release;
		};
		5F5F27E427672C890028F9AC /* Build configuration list for PBXNativeTarget "SkeletonApp" */ = {
			isa = XCConfigurationList;
			buildConfigurations = (
				5F5F27E527672C890028F9AC /* Debug */,
				5F5F27E627672C890028F9AC /* Release */,
			);
			defaultConfigurationIsVisible = 0;
			defaultConfigurationName = Release;
		};
/* End XCConfigurationList section */
	};
	rootObject = 5F5F27C827672C880028F9AC /* Project object */;
}
