// !$*UTF8*$!
{
	archiveVersion = 1;
	classes = {
	};
	objectVersion = 55;
	objects = {

/* Begin PBXBuildFile section */
		5F81500E28D5C16E00ABEC81 /* ShortsApp.swift in Sources */ = {isa = PBXBuildFile; fileRef = 5F81500D28D5C16E00ABEC81 /* ShortsApp.swift */; };
		5F81501028D5C16E00ABEC81 /* ContentView.swift in Sources */ = {isa = PBXBuildFile; fileRef = 5F81500F28D5C16E00ABEC81 /* ContentView.swift */; };
		5F81501228D5C16F00ABEC81 /* Assets.xcassets in Resources */ = {isa = PBXBuildFile; fileRef = 5F81501128D5C16F00ABEC81 /* Assets.xcassets */; };
		5F81501528D5C16F00ABEC81 /* Preview Assets.xcassets in Resources */ = {isa = PBXBuildFile; fileRef = 5F81501428D5C16F00ABEC81 /* Preview Assets.xcassets */; };
		5F81501F28D5C16F00ABEC81 /* ShortsTests.swift in Sources */ = {isa = PBXBuildFile; fileRef = 5F81501E28D5C16F00ABEC81 /* ShortsTests.swift */; };
		5F81502928D5C16F00ABEC81 /* ShortsUITests.swift in Sources */ = {isa = PBXBuildFile; fileRef = 5F81502828D5C16F00ABEC81 /* ShortsUITests.swift */; };
		5F81502B28D5C16F00ABEC81 /* ShortsUITestsLaunchTests.swift in Sources */ = {isa = PBXBuildFile; fileRef = 5F81502A28D5C16F00ABEC81 /* ShortsUITestsLaunchTests.swift */; };
/* End PBXBuildFile section */

/* Begin PBXContainerItemProxy section */
		5F81501B28D5C16F00ABEC81 /* PBXContainerItemProxy */ = {
			isa = PBXContainerItemProxy;
			containerPortal = 5F81500228D5C16E00ABEC81 /* Project object */;
			proxyType = 1;
			remoteGlobalIDString = 5F81500928D5C16E00ABEC81;
			remoteInfo = Shorts;
		};
		5F81502528D5C16F00ABEC81 /* PBXContainerItemProxy */ = {
			isa = PBXContainerItemProxy;
			containerPortal = 5F81500228D5C16E00ABEC81 /* Project object */;
			proxyType = 1;
			remoteGlobalIDString = 5F81500928D5C16E00ABEC81;
			remoteInfo = Shorts;
		};
/* End PBXContainerItemProxy section */

/* Begin PBXFileReference section */
		5F81500A28D5C16E00ABEC81 /* Shorts.app */ = {isa = PBXFileReference; explicitFileType = wrapper.application; includeInIndex = 0; path = Shorts.app; sourceTree = BUILT_PRODUCTS_DIR; };
		5F81500D28D5C16E00ABEC81 /* ShortsApp.swift */ = {isa = PBXFileReference; lastKnownFileType = sourcecode.swift; path = ShortsApp.swift; sourceTree = "<group>"; };
		5F81500F28D5C16E00ABEC81 /* ContentView.swift */ = {isa = PBXFileReference; lastKnownFileType = sourcecode.swift; path = ContentView.swift; sourceTree = "<group>"; };
		5F81501128D5C16F00ABEC81 /* Assets.xcassets */ = {isa = PBXFileReference; lastKnownFileType = folder.assetcatalog; path = Assets.xcassets; sourceTree = "<group>"; };
		5F81501428D5C16F00ABEC81 /* Preview Assets.xcassets */ = {isa = PBXFileReference; lastKnownFileType = folder.assetcatalog; path = "Preview Assets.xcassets"; sourceTree = "<group>"; };
		5F81501A28D5C16F00ABEC81 /* ShortsTests.xctest */ = {isa = PBXFileReference; explicitFileType = wrapper.cfbundle; includeInIndex = 0; path = ShortsTests.xctest; sourceTree = BUILT_PRODUCTS_DIR; };
		5F81501E28D5C16F00ABEC81 /* ShortsTests.swift */ = {isa = PBXFileReference; lastKnownFileType = sourcecode.swift; path = ShortsTests.swift; sourceTree = "<group>"; };
		5F81502428D5C16F00ABEC81 /* ShortsUITests.xctest */ = {isa = PBXFileReference; explicitFileType = wrapper.cfbundle; includeInIndex = 0; path = ShortsUITests.xctest; sourceTree = BUILT_PRODUCTS_DIR; };
		5F81502828D5C16F00ABEC81 /* ShortsUITests.swift */ = {isa = PBXFileReference; lastKnownFileType = sourcecode.swift; path = ShortsUITests.swift; sourceTree = "<group>"; };
		5F81502A28D5C16F00ABEC81 /* ShortsUITestsLaunchTests.swift */ = {isa = PBXFileReference; lastKnownFileType = sourcecode.swift; path = ShortsUITestsLaunchTests.swift; sourceTree = "<group>"; };
/* End PBXFileReference section */

/* Begin PBXFrameworksBuildPhase section */
		5F81500728D5C16E00ABEC81 /* Frameworks */ = {
			isa = PBXFrameworksBuildPhase;
			buildActionMask = 2147483647;
			files = (
			);
			runOnlyForDeploymentPostprocessing = 0;
		};
		5F81501728D5C16F00ABEC81 /* Frameworks */ = {
			isa = PBXFrameworksBuildPhase;
			buildActionMask = 2147483647;
			files = (
			);
			runOnlyForDeploymentPostprocessing = 0;
		};
		5F81502128D5C16F00ABEC81 /* Frameworks */ = {
			isa = PBXFrameworksBuildPhase;
			buildActionMask = 2147483647;
			files = (
			);
			runOnlyForDeploymentPostprocessing = 0;
		};
/* End PBXFrameworksBuildPhase section */

/* Begin PBXGroup section */
		5F81500128D5C16E00ABEC81 = {
			isa = PBXGroup;
			children = (
				5F81500C28D5C16E00ABEC81 /* Shorts */,
				5F81501D28D5C16F00ABEC81 /* ShortsTests */,
				5F81502728D5C16F00ABEC81 /* ShortsUITests */,
				5F81500B28D5C16E00ABEC81 /* Products */,
			);
			sourceTree = "<group>";
		};
		5F81500B28D5C16E00ABEC81 /* Products */ = {
			isa = PBXGroup;
			children = (
				5F81500A28D5C16E00ABEC81 /* Shorts.app */,
				5F81501A28D5C16F00ABEC81 /* ShortsTests.xctest */,
				5F81502428D5C16F00ABEC81 /* ShortsUITests.xctest */,
			);
			name = Products;
			sourceTree = "<group>";
		};
		5F81500C28D5C16E00ABEC81 /* Shorts */ = {
			isa = PBXGroup;
			children = (
				5F81500D28D5C16E00ABEC81 /* ShortsApp.swift */,
				5F81500F28D5C16E00ABEC81 /* ContentView.swift */,
				5F81501128D5C16F00ABEC81 /* Assets.xcassets */,
				5F81501328D5C16F00ABEC81 /* Preview Content */,
			);
			path = Shorts;
			sourceTree = "<group>";
		};
		5F81501328D5C16F00ABEC81 /* Preview Content */ = {
			isa = PBXGroup;
			children = (
				5F81501428D5C16F00ABEC81 /* Preview Assets.xcassets */,
			);
			path = "Preview Content";
			sourceTree = "<group>";
		};
		5F81501D28D5C16F00ABEC81 /* ShortsTests */ = {
			isa = PBXGroup;
			children = (
				5F81501E28D5C16F00ABEC81 /* ShortsTests.swift */,
			);
			path = ShortsTests;
			sourceTree = "<group>";
		};
		5F81502728D5C16F00ABEC81 /* ShortsUITests */ = {
			isa = PBXGroup;
			children = (
				5F81502828D5C16F00ABEC81 /* ShortsUITests.swift */,
				5F81502A28D5C16F00ABEC81 /* ShortsUITestsLaunchTests.swift */,
			);
			path = ShortsUITests;
			sourceTree = "<group>";
		};
/* End PBXGroup section */

/* Begin PBXNativeTarget section */
		5F81500928D5C16E00ABEC81 /* Shorts */ = {
			isa = PBXNativeTarget;
			buildConfigurationList = 5F81502E28D5C16F00ABEC81 /* Build configuration list for PBXNativeTarget "Shorts" */;
			buildPhases = (
				5F81500628D5C16E00ABEC81 /* Sources */,
				5F81500728D5C16E00ABEC81 /* Frameworks */,
				5F81500828D5C16E00ABEC81 /* Resources */,
			);
			buildRules = (
			);
			dependencies = (
			);
			name = Shorts;
			productName = Shorts;
			productReference = 5F81500A28D5C16E00ABEC81 /* Shorts.app */;
			productType = "com.apple.product-type.application";
		};
		5F81501928D5C16F00ABEC81 /* ShortsTests */ = {
			isa = PBXNativeTarget;
			buildConfigurationList = 5F81503128D5C16F00ABEC81 /* Build configuration list for PBXNativeTarget "ShortsTests" */;
			buildPhases = (
				5F81501628D5C16F00ABEC81 /* Sources */,
				5F81501728D5C16F00ABEC81 /* Frameworks */,
				5F81501828D5C16F00ABEC81 /* Resources */,
			);
			buildRules = (
			);
			dependencies = (
				5F81501C28D5C16F00ABEC81 /* PBXTargetDependency */,
			);
			name = ShortsTests;
			productName = ShortsTests;
			productReference = 5F81501A28D5C16F00ABEC81 /* ShortsTests.xctest */;
			productType = "com.apple.product-type.bundle.unit-test";
		};
		5F81502328D5C16F00ABEC81 /* ShortsUITests */ = {
			isa = PBXNativeTarget;
			buildConfigurationList = 5F81503428D5C16F00ABEC81 /* Build configuration list for PBXNativeTarget "ShortsUITests" */;
			buildPhases = (
				5F81502028D5C16F00ABEC81 /* Sources */,
				5F81502128D5C16F00ABEC81 /* Frameworks */,
				5F81502228D5C16F00ABEC81 /* Resources */,
			);
			buildRules = (
			);
			dependencies = (
				5F81502628D5C16F00ABEC81 /* PBXTargetDependency */,
			);
			name = ShortsUITests;
			productName = ShortsUITests;
			productReference = 5F81502428D5C16F00ABEC81 /* ShortsUITests.xctest */;
			productType = "com.apple.product-type.bundle.ui-testing";
		};
/* End PBXNativeTarget section */

/* Begin PBXProject section */
		5F81500228D5C16E00ABEC81 /* Project object */ = {
			isa = PBXProject;
			attributes = {
				BuildIndependentTargetsInParallel = 1;
				LastSwiftUpdateCheck = 1340;
				LastUpgradeCheck = 1340;
				TargetAttributes = {
					5F81500928D5C16E00ABEC81 = {
						CreatedOnToolsVersion = 13.4.1;
					};
					5F81501928D5C16F00ABEC81 = {
						CreatedOnToolsVersion = 13.4.1;
						TestTargetID = 5F81500928D5C16E00ABEC81;
					};
					5F81502328D5C16F00ABEC81 = {
						CreatedOnToolsVersion = 13.4.1;
						TestTargetID = 5F81500928D5C16E00ABEC81;
					};
				};
			};
			buildConfigurationList = 5F81500528D5C16E00ABEC81 /* Build configuration list for PBXProject "Shorts" */;
			compatibilityVersion = "Xcode 13.0";
			developmentRegion = en;
			hasScannedForEncodings = 0;
			knownRegions = (
				en,
				Base,
			);
			mainGroup = 5F81500128D5C16E00ABEC81;
			productRefGroup = 5F81500B28D5C16E00ABEC81 /* Products */;
			projectDirPath = "";
			projectRoot = "";
			targets = (
				5F81500928D5C16E00ABEC81 /* Shorts */,
				5F81501928D5C16F00ABEC81 /* ShortsTests */,
				5F81502328D5C16F00ABEC81 /* ShortsUITests */,
			);
		};
/* End PBXProject section */

/* Begin PBXResourcesBuildPhase section */
		5F81500828D5C16E00ABEC81 /* Resources */ = {
			isa = PBXResourcesBuildPhase;
			buildActionMask = 2147483647;
			files = (
				5F81501528D5C16F00ABEC81 /* Preview Assets.xcassets in Resources */,
				5F81501228D5C16F00ABEC81 /* Assets.xcassets in Resources */,
			);
			runOnlyForDeploymentPostprocessing = 0;
		};
		5F81501828D5C16F00ABEC81 /* Resources */ = {
			isa = PBXResourcesBuildPhase;
			buildActionMask = 2147483647;
			files = (
			);
			runOnlyForDeploymentPostprocessing = 0;
		};
		5F81502228D5C16F00ABEC81 /* Resources */ = {
			isa = PBXResourcesBuildPhase;
			buildActionMask = 2147483647;
			files = (
			);
			runOnlyForDeploymentPostprocessing = 0;
		};
/* End PBXResourcesBuildPhase section */

/* Begin PBXSourcesBuildPhase section */
		5F81500628D5C16E00ABEC81 /* Sources */ = {
			isa = PBXSourcesBuildPhase;
			buildActionMask = 2147483647;
			files = (
				5F81501028D5C16E00ABEC81 /* ContentView.swift in Sources */,
				5F81500E28D5C16E00ABEC81 /* ShortsApp.swift in Sources */,
			);
			runOnlyForDeploymentPostprocessing = 0;
		};
		5F81501628D5C16F00ABEC81 /* Sources */ = {
			isa = PBXSourcesBuildPhase;
			buildActionMask = 2147483647;
			files = (
				5F81501F28D5C16F00ABEC81 /* ShortsTests.swift in Sources */,
			);
			runOnlyForDeploymentPostprocessing = 0;
		};
		5F81502028D5C16F00ABEC81 /* Sources */ = {
			isa = PBXSourcesBuildPhase;
			buildActionMask = 2147483647;
			files = (
				5F81502928D5C16F00ABEC81 /* ShortsUITests.swift in Sources */,
				5F81502B28D5C16F00ABEC81 /* ShortsUITestsLaunchTests.swift in Sources */,
			);
			runOnlyForDeploymentPostprocessing = 0;
		};
/* End PBXSourcesBuildPhase section */

/* Begin PBXTargetDependency section */
		5F81501C28D5C16F00ABEC81 /* PBXTargetDependency */ = {
			isa = PBXTargetDependency;
			target = 5F81500928D5C16E00ABEC81 /* Shorts */;
			targetProxy = 5F81501B28D5C16F00ABEC81 /* PBXContainerItemProxy */;
		};
		5F81502628D5C16F00ABEC81 /* PBXTargetDependency */ = {
			isa = PBXTargetDependency;
			target = 5F81500928D5C16E00ABEC81 /* Shorts */;
			targetProxy = 5F81502528D5C16F00ABEC81 /* PBXContainerItemProxy */;
		};
/* End PBXTargetDependency section */

/* Begin XCBuildConfiguration section */
		5F81502C28D5C16F00ABEC81 /* Debug */ = {
			isa = XCBuildConfiguration;
			buildSettings = {
				ALWAYS_SEARCH_USER_PATHS = NO;
				CLANG_ANALYZER_NONNULL = YES;
				CLANG_ANALYZER_NUMBER_OBJECT_CONVERSION = YES_AGGRESSIVE;
				CLANG_CXX_LANGUAGE_STANDARD = "gnu++17";
				CLANG_ENABLE_MODULES = YES;
				CLANG_ENABLE_OBJC_ARC = YES;
				CLANG_ENABLE_OBJC_WEAK = YES;
				CLANG_WARN_BLOCK_CAPTURE_AUTORELEASING = YES;
				CLANG_WARN_BOOL_CONVERSION = YES;
				CLANG_WARN_COMMA = YES;
				CLANG_WARN_CONSTANT_CONVERSION = YES;
				CLANG_WARN_DEPRECATED_OBJC_IMPLEMENTATIONS = YES;
				CLANG_WARN_DIRECT_OBJC_ISA_USAGE = YES_ERROR;
				CLANG_WARN_DOCUMENTATION_COMMENTS = YES;
				CLANG_WARN_EMPTY_BODY = YES;
				CLANG_WARN_ENUM_CONVERSION = YES;
				CLANG_WARN_INFINITE_RECURSION = YES;
				CLANG_WARN_INT_CONVERSION = YES;
				CLANG_WARN_NON_LITERAL_NULL_CONVERSION = YES;
				CLANG_WARN_OBJC_IMPLICIT_RETAIN_SELF = YES;
				CLANG_WARN_OBJC_LITERAL_CONVERSION = YES;
				CLANG_WARN_OBJC_ROOT_CLASS = YES_ERROR;
				CLANG_WARN_QUOTED_INCLUDE_IN_FRAMEWORK_HEADER = YES;
				CLANG_WARN_RANGE_LOOP_ANALYSIS = YES;
				CLANG_WARN_STRICT_PROTOTYPES = YES;
				CLANG_WARN_SUSPICIOUS_MOVE = YES;
				CLANG_WARN_UNGUARDED_AVAILABILITY = YES_AGGRESSIVE;
				CLANG_WARN_UNREACHABLE_CODE = YES;
				CLANG_WARN__DUPLICATE_METHOD_MATCH = YES;
				COPY_PHASE_STRIP = NO;
				DEBUG_INFORMATION_FORMAT = dwarf;
				ENABLE_STRICT_OBJC_MSGSEND = YES;
				ENABLE_TESTABILITY = YES;
				GCC_C_LANGUAGE_STANDARD = gnu11;
				GCC_DYNAMIC_NO_PIC = NO;
				GCC_NO_COMMON_BLOCKS = YES;
				GCC_OPTIMIZATION_LEVEL = 0;
				GCC_PREPROCESSOR_DEFINITIONS = (
					"DEBUG=1",
					"$(inherited)",
				);
				GCC_WARN_64_TO_32_BIT_CONVERSION = YES;
				GCC_WARN_ABOUT_RETURN_TYPE = YES_ERROR;
				GCC_WARN_UNDECLARED_SELECTOR = YES;
				GCC_WARN_UNINITIALIZED_AUTOS = YES_AGGRESSIVE;
				GCC_WARN_UNUSED_FUNCTION = YES;
				GCC_WARN_UNUSED_VARIABLE = YES;
				IPHONEOS_DEPLOYMENT_TARGET = 15.5;
				MTL_ENABLE_DEBUG_INFO = INCLUDE_SOURCE;
				MTL_FAST_MATH = YES;
				ONLY_ACTIVE_ARCH = YES;
				SDKROOT = iphoneos;
				SWIFT_ACTIVE_COMPILATION_CONDITIONS = DEBUG;
				SWIFT_OPTIMIZATION_LEVEL = "-Onone";
			};
			name = Debug;
		};
		5F81502D28D5C16F00ABEC81 /* Release */ = {
			isa = XCBuildConfiguration;
			buildSettings = {
				ALWAYS_SEARCH_USER_PATHS = NO;
				CLANG_ANALYZER_NONNULL = YES;
				CLANG_ANALYZER_NUMBER_OBJECT_CONVERSION = YES_AGGRESSIVE;
				CLANG_CXX_LANGUAGE_STANDARD = "gnu++17";
				CLANG_ENABLE_MODULES = YES;
				CLANG_ENABLE_OBJC_ARC = YES;
				CLANG_ENABLE_OBJC_WEAK = YES;
				CLANG_WARN_BLOCK_CAPTURE_AUTORELEASING = YES;
				CLANG_WARN_BOOL_CONVERSION = YES;
				CLANG_WARN_COMMA = YES;
				CLANG_WARN_CONSTANT_CONVERSION = YES;
				CLANG_WARN_DEPRECATED_OBJC_IMPLEMENTATIONS = YES;
				CLANG_WARN_DIRECT_OBJC_ISA_USAGE = YES_ERROR;
				CLANG_WARN_DOCUMENTATION_COMMENTS = YES;
				CLANG_WARN_EMPTY_BODY = YES;
				CLANG_WARN_ENUM_CONVERSION = YES;
				CLANG_WARN_INFINITE_RECURSION = YES;
				CLANG_WARN_INT_CONVERSION = YES;
				CLANG_WARN_NON_LITERAL_NULL_CONVERSION = YES;
				CLANG_WARN_OBJC_IMPLICIT_RETAIN_SELF = YES;
				CLANG_WARN_OBJC_LITERAL_CONVERSION = YES;
				CLANG_WARN_OBJC_ROOT_CLASS = YES_ERROR;
				CLANG_WARN_QUOTED_INCLUDE_IN_FRAMEWORK_HEADER = YES;
				CLANG_WARN_RANGE_LOOP_ANALYSIS = YES;
				CLANG_WARN_STRICT_PROTOTYPES = YES;
				CLANG_WARN_SUSPICIOUS_MOVE = YES;
				CLANG_WARN_UNGUARDED_AVAILABILITY = YES_AGGRESSIVE;
				CLANG_WARN_UNREACHABLE_CODE = YES;
				CLANG_WARN__DUPLICATE_METHOD_MATCH = YES;
				COPY_PHASE_STRIP = NO;
				DEBUG_INFORMATION_FORMAT = "dwarf-with-dsym";
				ENABLE_NS_ASSERTIONS = NO;
				ENABLE_STRICT_OBJC_MSGSEND = YES;
				GCC_C_LANGUAGE_STANDARD = gnu11;
				GCC_NO_COMMON_BLOCKS = YES;
				GCC_WARN_64_TO_32_BIT_CONVERSION = YES;
				GCC_WARN_ABOUT_RETURN_TYPE = YES_ERROR;
				GCC_WARN_UNDECLARED_SELECTOR = YES;
				GCC_WARN_UNINITIALIZED_AUTOS = YES_AGGRESSIVE;
				GCC_WARN_UNUSED_FUNCTION = YES;
				GCC_WARN_UNUSED_VARIABLE = YES;
				IPHONEOS_DEPLOYMENT_TARGET = 15.5;
				MTL_ENABLE_DEBUG_INFO = NO;
				MTL_FAST_MATH = YES;
				SDKROOT = iphoneos;
				SWIFT_COMPILATION_MODE = wholemodule;
				SWIFT_OPTIMIZATION_LEVEL = "-O";
				VALIDATE_PRODUCT = YES;
			};
			name = Release;
		};
		5F81502F28D5C16F00ABEC81 /* Debug */ = {
			isa = XCBuildConfiguration;
			buildSettings = {
				ASSETCATALOG_COMPILER_APPICON_NAME = AppIcon;
				ASSETCATALOG_COMPILER_GLOBAL_ACCENT_COLOR_NAME = AccentColor;
				CODE_SIGN_STYLE = Automatic;
				CURRENT_PROJECT_VERSION = 1;
				DEVELOPMENT_ASSET_PATHS = "\"Shorts/Preview Content\"";
				DEVELOPMENT_TEAM = NTXHJNM3LM;
				ENABLE_PREVIEWS = YES;
				GENERATE_INFOPLIST_FILE = YES;
				INFOPLIST_KEY_UIApplicationSceneManifest_Generation = YES;
				INFOPLIST_KEY_UIApplicationSupportsIndirectInputEvents = YES;
				INFOPLIST_KEY_UILaunchScreen_Generation = YES;
				INFOPLIST_KEY_UISupportedInterfaceOrientations_iPad = "UIInterfaceOrientationPortrait UIInterfaceOrientationPortraitUpsideDown UIInterfaceOrientationLandscapeLeft UIInterfaceOrientationLandscapeRight";
				INFOPLIST_KEY_UISupportedInterfaceOrientations_iPhone = "UIInterfaceOrientationPortrait UIInterfaceOrientationLandscapeLeft UIInterfaceOrientationLandscapeRight";
				LD_RUNPATH_SEARCH_PATHS = (
					"$(inherited)",
					"@executable_path/Frameworks",
				);
				MARKETING_VERSION = 1.0;
				PRODUCT_BUNDLE_IDENTIFIER = gray.Shorts;
				PRODUCT_NAME = "$(TARGET_NAME)";
				SWIFT_EMIT_LOC_STRINGS = YES;
				SWIFT_VERSION = 5.0;
				TARGETED_DEVICE_FAMILY = "1,2";
			};
			name = Debug;
		};
		5F81503028D5C16F00ABEC81 /* Release */ = {
			isa = XCBuildConfiguration;
			buildSettings = {
				ASSETCATALOG_COMPILER_APPICON_NAME = AppIcon;
				ASSETCATALOG_COMPILER_GLOBAL_ACCENT_COLOR_NAME = AccentColor;
				CODE_SIGN_STYLE = Automatic;
				CURRENT_PROJECT_VERSION = 1;
				DEVELOPMENT_ASSET_PATHS = "\"Shorts/Preview Content\"";
				DEVELOPMENT_TEAM = NTXHJNM3LM;
				ENABLE_PREVIEWS = YES;
				GENERATE_INFOPLIST_FILE = YES;
				INFOPLIST_KEY_UIApplicationSceneManifest_Generation = YES;
				INFOPLIST_KEY_UIApplicationSupportsIndirectInputEvents = YES;
				INFOPLIST_KEY_UILaunchScreen_Generation = YES;
				INFOPLIST_KEY_UISupportedInterfaceOrientations_iPad = "UIInterfaceOrientationPortrait UIInterfaceOrientationPortraitUpsideDown UIInterfaceOrientationLandscapeLeft UIInterfaceOrientationLandscapeRight";
				INFOPLIST_KEY_UISupportedInterfaceOrientations_iPhone = "UIInterfaceOrientationPortrait UIInterfaceOrientationLandscapeLeft UIInterfaceOrientationLandscapeRight";
				LD_RUNPATH_SEARCH_PATHS = (
					"$(inherited)",
					"@executable_path/Frameworks",
				);
				MARKETING_VERSION = 1.0;
				PRODUCT_BUNDLE_IDENTIFIER = gray.Shorts;
				PRODUCT_NAME = "$(TARGET_NAME)";
				SWIFT_EMIT_LOC_STRINGS = YES;
				SWIFT_VERSION = 5.0;
				TARGETED_DEVICE_FAMILY = "1,2";
			};
			name = Release;
		};
		5F81503228D5C16F00ABEC81 /* Debug */ = {
			isa = XCBuildConfiguration;
			buildSettings = {
				ALWAYS_EMBED_SWIFT_STANDARD_LIBRARIES = YES;
				BUNDLE_LOADER = "$(TEST_HOST)";
				CODE_SIGN_STYLE = Automatic;
				CURRENT_PROJECT_VERSION = 1;
				DEVELOPMENT_TEAM = NTXHJNM3LM;
				GENERATE_INFOPLIST_FILE = YES;
				IPHONEOS_DEPLOYMENT_TARGET = 15.5;
				MARKETING_VERSION = 1.0;
				PRODUCT_BUNDLE_IDENTIFIER = gray.ShortsTests;
				PRODUCT_NAME = "$(TARGET_NAME)";
				SWIFT_EMIT_LOC_STRINGS = NO;
				SWIFT_VERSION = 5.0;
				TARGETED_DEVICE_FAMILY = "1,2";
				TEST_HOST = "$(BUILT_PRODUCTS_DIR)/Shorts.app/Shorts";
			};
			name = Debug;
		};
		5F81503328D5C16F00ABEC81 /* Release */ = {
			isa = XCBuildConfiguration;
			buildSettings = {
				ALWAYS_EMBED_SWIFT_STANDARD_LIBRARIES = YES;
				BUNDLE_LOADER = "$(TEST_HOST)";
				CODE_SIGN_STYLE = Automatic;
				CURRENT_PROJECT_VERSION = 1;
				DEVELOPMENT_TEAM = NTXHJNM3LM;
				GENERATE_INFOPLIST_FILE = YES;
				IPHONEOS_DEPLOYMENT_TARGET = 15.5;
				MARKETING_VERSION = 1.0;
				PRODUCT_BUNDLE_IDENTIFIER = gray.ShortsTests;
				PRODUCT_NAME = "$(TARGET_NAME)";
				SWIFT_EMIT_LOC_STRINGS = NO;
				SWIFT_VERSION = 5.0;
				TARGETED_DEVICE_FAMILY = "1,2";
				TEST_HOST = "$(BUILT_PRODUCTS_DIR)/Shorts.app/Shorts";
			};
			name = Release;
		};
		5F81503528D5C16F00ABEC81 /* Debug */ = {
			isa = XCBuildConfiguration;
			buildSettings = {
				ALWAYS_EMBED_SWIFT_STANDARD_LIBRARIES = YES;
				CODE_SIGN_STYLE = Automatic;
				CURRENT_PROJECT_VERSION = 1;
				DEVELOPMENT_TEAM = NTXHJNM3LM;
				GENERATE_INFOPLIST_FILE = YES;
				MARKETING_VERSION = 1.0;
				PRODUCT_BUNDLE_IDENTIFIER = gray.ShortsUITests;
				PRODUCT_NAME = "$(TARGET_NAME)";
				SWIFT_EMIT_LOC_STRINGS = NO;
				SWIFT_VERSION = 5.0;
				TARGETED_DEVICE_FAMILY = "1,2";
				TEST_TARGET_NAME = Shorts;
			};
			name = Debug;
		};
		5F81503628D5C16F00ABEC81 /* Release */ = {
			isa = XCBuildConfiguration;
			buildSettings = {
				ALWAYS_EMBED_SWIFT_STANDARD_LIBRARIES = YES;
				CODE_SIGN_STYLE = Automatic;
				CURRENT_PROJECT_VERSION = 1;
				DEVELOPMENT_TEAM = NTXHJNM3LM;
				GENERATE_INFOPLIST_FILE = YES;
				MARKETING_VERSION = 1.0;
				PRODUCT_BUNDLE_IDENTIFIER = gray.ShortsUITests;
				PRODUCT_NAME = "$(TARGET_NAME)";
				SWIFT_EMIT_LOC_STRINGS = NO;
				SWIFT_VERSION = 5.0;
				TARGETED_DEVICE_FAMILY = "1,2";
				TEST_TARGET_NAME = Shorts;
			};
			name = Release;
		};
/* End XCBuildConfiguration section */

/* Begin XCConfigurationList section */
		5F81500528D5C16E00ABEC81 /* Build configuration list for PBXProject "Shorts" */ = {
			isa = XCConfigurationList;
			buildConfigurations = (
				5F81502C28D5C16F00ABEC81 /* Debug */,
				5F81502D28D5C16F00ABEC81 /* Release */,
			);
			defaultConfigurationIsVisible = 0;
			defaultConfigurationName = Release;
		};
		5F81502E28D5C16F00ABEC81 /* Build configuration list for PBXNativeTarget "Shorts" */ = {
			isa = XCConfigurationList;
			buildConfigurations = (
				5F81502F28D5C16F00ABEC81 /* Debug */,
				5F81503028D5C16F00ABEC81 /* Release */,
			);
			defaultConfigurationIsVisible = 0;
			defaultConfigurationName = Release;
		};
		5F81503128D5C16F00ABEC81 /* Build configuration list for PBXNativeTarget "ShortsTests" */ = {
			isa = XCConfigurationList;
			buildConfigurations = (
				5F81503228D5C16F00ABEC81 /* Debug */,
				5F81503328D5C16F00ABEC81 /* Release */,
			);
			defaultConfigurationIsVisible = 0;
			defaultConfigurationName = Release;
		};
		5F81503428D5C16F00ABEC81 /* Build configuration list for PBXNativeTarget "ShortsUITests" */ = {
			isa = XCConfigurationList;
			buildConfigurations = (
				5F81503528D5C16F00ABEC81 /* Debug */,
				5F81503628D5C16F00ABEC81 /* Release */,
			);
			defaultConfigurationIsVisible = 0;
			defaultConfigurationName = Release;
		};
/* End XCConfigurationList section */
	};
	rootObject = 5F81500228D5C16E00ABEC81 /* Project object */;
}
